<Solution>
  <Project Path="Assembly-CSharp.csproj" />
  <Project Path="VzDev.csproj" />
  <Project Path="Tayx.Graphy.csproj" />
  <Project Path="UniTask.csproj" />
  <Project Path="UniTask.Linq.csproj" />
  <Project Path="NaughtyAttributes.Core.csproj" />
  <Project Path="IngameDebugConsole.Runtime.csproj" />
  <Project Path="Assembly-CSharp-Editor.csproj" />
  <Project Path="UniTask.Addressables.csproj" />
  <Project Path="NaughtyAttributes.Test.csproj" />
  <Project Path="DOTween.Modules.csproj" />
  <Project Path="NaughtyAttributes.Editor.csproj" />
  <Project Path="UniTask.TextMeshPro.csproj" />
  <Project Path="Unified.Universal.Blur.csproj" />
  <Project Path="Tayx.Graphy.Editor.csproj" />
  <Project Path="UniTask.Editor.csproj" />
  <Project Path="Unified.Universal.Blur.Editor.csproj" />
  <Project Path="IngameDebugConsole.Editor.csproj" />
  <Project Path="UniTask.DOTween.csproj" />
  <Project Path="UnityPlayModeSaverEditor.csproj" />
  <Project Path="UnityPlayModeSaver.csproj" />
</Solution>
